<?xml version="1.0" encoding="utf-8"?>
<Project ToolsVersion="4.0" xmlns="http://schemas.microsoft.com/developer/msbuild/2003">
  <ItemGroup>
    <ClCompile Include="..\..\..\sample\terrain\main.cpp" />
    <ClCompile Include="..\..\..\sample\terrain\GeoMipMappingApp.cpp">
      <Filter>app</Filter>
    </ClCompile>
    <ClCompile Include="..\..\..\sample\terrain\HeightMapApp.cpp">
      <Filter>app</Filter>
    </ClCompile>
    <ClCompile Include="..\..\..\sample\terrain\SimpleRoamApp.cpp">
      <Filter>app</Filter>
    </ClCompile>
    <ClCompile Include="..\..\..\sample\terrain\RoamApp.cpp">
      <Filter>app</Filter>
    </ClCompile>
  </ItemGroup>
  <ItemGroup>
    <ClInclude Include="..\..\..\sample\terrain\randtab.h" />
    <ClInclude Include="..\..\..\sample\terrain\GeoMipMappingApp.h">
      <Filter>app</Filter>
    </ClInclude>
    <ClInclude Include="..\..\..\sample\terrain\HeightMapApp.h">
      <Filter>app</Filter>
    </ClInclude>
    <ClInclude Include="..\..\..\sample\terrain\SimpleRoamApp.h">
      <Filter>app</Filter>
    </ClInclude>
    <ClInclude Include="..\..\..\sample\terrain\RoamApp.h">
      <Filter>app</Filter>
    </ClInclude>
  </ItemGroup>
  <ItemGroup>
    <Filter Include="app">
      <UniqueIdentifier>{a0e0524e-cbc5-44cf-b965-6bcff0895606}</UniqueIdentifier>
    </Filter>
  </ItemGroup>
</Project>